
Microsoft Visual Studio Solution File, Format Version 12.00
# Visual Studio 2013
VisualStudioVersion = 12.0.21005.1
MinimumVisualStudioVersion = 10.0.40219.1
Project("{FAE04EC0-301F-11D3-BF4B-00C04F79EFBC}") = "Logika", "Logika\Logika.csproj", "{F72615CC-EA5F-489E-BC30-D0B253140FD8}"
EndProject
Project("{FAE04EC0-301F-11D3-BF4B-00C04F79EFBC}") = "gui", "gui\gui.csproj", "{B203870F-F193-4329-A228-B8E9E72105E4}"
EndProject
Project("{FAE04EC0-301F-11D3-BF4B-00C04F79EFBC}") = "IDane", "IDane\IDane.csproj", "{45355124-7934-45D8-8D18-BBA6AAF600B4}"
EndProject
Project("{FAE04EC0-301F-11D3-BF4B-00C04F79EFBC}") = "Dane", "Dane\Dane.csproj", "{46063884-3FB6-433F-9ADA-DF97D33DF37F}"
EndProject
Project("{FAE04EC0-301F-11D3-BF4B-00C04F79EFBC}") = "IAplikacja", "IAplikacja\IAplikacja.csproj", "{7B89E22D-3EEF-4F19-A5F3-08D9DBBB5458}"
EndProject
Project("{FAE04EC0-301F-11D3-BF4B-00C04F79EFBC}") = "Aplikacja", "Aplikacja\Aplikacja.csproj", "{AF106CC4-7E40-45FD-BDBE-1C086B90E8D0}"
EndProject
Project("{FAE04EC0-301F-11D3-BF4B-00C04F79EFBC}") = "Dane.Test", "Dane.Test\Dane.Test.csproj", "{324D7338-C5D0-4EBD-813C-EBA1A4BBD82D}"
EndProject
Global
	GlobalSection(SolutionConfigurationPlatforms) = preSolution
		Debug|Any CPU = Debug|Any CPU
		Release|Any CPU = Release|Any CPU
	EndGlobalSection
	GlobalSection(ProjectConfigurationPlatforms) = postSolution
		{F72615CC-EA5F-489E-BC30-D0B253140FD8}.Debug|Any CPU.ActiveCfg = Debug|Any CPU
		{F72615CC-EA5F-489E-BC30-D0B253140FD8}.Debug|Any CPU.Build.0 = Debug|Any CPU
		{F72615CC-EA5F-489E-BC30-D0B253140FD8}.Release|Any CPU.ActiveCfg = Release|Any CPU
		{F72615CC-EA5F-489E-BC30-D0B253140FD8}.Release|Any CPU.Build.0 = Release|Any CPU
		{B203870F-F193-4329-A228-B8E9E72105E4}.Debug|Any CPU.ActiveCfg = Debug|Any CPU
		{B203870F-F193-4329-A228-B8E9E72105E4}.Debug|Any CPU.Build.0 = Debug|Any CPU
		{B203870F-F193-4329-A228-B8E9E72105E4}.Release|Any CPU.ActiveCfg = Release|Any CPU
		{B203870F-F193-4329-A228-B8E9E72105E4}.Release|Any CPU.Build.0 = Release|Any CPU
		{45355124-7934-45D8-8D18-BBA6AAF600B4}.Debug|Any CPU.ActiveCfg = Debug|Any CPU
		{45355124-7934-45D8-8D18-BBA6AAF600B4}.Debug|Any CPU.Build.0 = Debug|Any CPU
		{45355124-7934-45D8-8D18-BBA6AAF600B4}.Release|Any CPU.ActiveCfg = Release|Any CPU
		{45355124-7934-45D8-8D18-BBA6AAF600B4}.Release|Any CPU.Build.0 = Release|Any CPU
		{46063884-3FB6-433F-9ADA-DF97D33DF37F}.Debug|Any CPU.ActiveCfg = Debug|Any CPU
		{46063884-3FB6-433F-9ADA-DF97D33DF37F}.Debug|Any CPU.Build.0 = Debug|Any CPU
		{46063884-3FB6-433F-9ADA-DF97D33DF37F}.Release|Any CPU.ActiveCfg = Release|Any CPU
		{46063884-3FB6-433F-9ADA-DF97D33DF37F}.Release|Any CPU.Build.0 = Release|Any CPU
		{7B89E22D-3EEF-4F19-A5F3-08D9DBBB5458}.Debug|Any CPU.ActiveCfg = Debug|Any CPU
		{7B89E22D-3EEF-4F19-A5F3-08D9DBBB5458}.Debug|Any CPU.Build.0 = Debug|Any CPU
		{7B89E22D-3EEF-4F19-A5F3-08D9DBBB5458}.Release|Any CPU.ActiveCfg = Release|Any CPU
		{7B89E22D-3EEF-4F19-A5F3-08D9DBBB5458}.Release|Any CPU.Build.0 = Release|Any CPU
		{AF106CC4-7E40-45FD-BDBE-1C086B90E8D0}.Debug|Any CPU.ActiveCfg = Debug|Any CPU
		{AF106CC4-7E40-45FD-BDBE-1C086B90E8D0}.Debug|Any CPU.Build.0 = Debug|Any CPU
		{AF106CC4-7E40-45FD-BDBE-1C086B90E8D0}.Release|Any CPU.ActiveCfg = Release|Any CPU
		{AF106CC4-7E40-45FD-BDBE-1C086B90E8D0}.Release|Any CPU.Build.0 = Release|Any CPU
		{324D7338-C5D0-4EBD-813C-EBA1A4BBD82D}.Debug|Any CPU.ActiveCfg = Debug|Any CPU
		{324D7338-C5D0-4EBD-813C-EBA1A4BBD82D}.Debug|Any CPU.Build.0 = Debug|Any CPU
		{324D7338-C5D0-4EBD-813C-EBA1A4BBD82D}.Release|Any CPU.ActiveCfg = Release|Any CPU
		{324D7338-C5D0-4EBD-813C-EBA1A4BBD82D}.Release|Any CPU.Build.0 = Release|Any CPU
	EndGlobalSection
	GlobalSection(SolutionProperties) = preSolution
		HideSolutionNode = FALSE
	EndGlobalSection
EndGlobal
